# This file is automatically @generated by Wally.
# It is not intended for manual editing.
registry = "test"

[[package]]
name = "elitriare/bytenet-max"
version = "0.1.9"
dependencies = []

[[package]]
name = "elttob/fusion"
version = "0.3.0"
dependencies = []

[[package]]
name = "hamie/steal-a-pirate"
version = "0.1.0"
dependencies = [["ByteNetMax", "elitriare/bytenet-max@0.1.9"], ["Charm", "littensy/charm@0.10.0"], ["Fusion", "elttob/fusion@0.3.0"], ["Observers", "sleitnick/observers@0.3.4"], ["Signal", "sleitnick/signal@2.0.3"], ["Streamable", "sleitnick/streamable@1.2.4"], ["TaskQueue", "sleitnick/task-queue@1.0.0"], ["Trove", "sleitnick/trove@1.5.1"], ["ProfileStore", "lm-loleris/profilestore@1.0.3"]]

[[package]]
name = "littensy/charm"
version = "0.10.0"
dependencies = []

[[package]]
name = "lm-loleris/profilestore"
version = "1.0.3"
dependencies = []

[[package]]
name = "sleitnick/observers"
version = "0.3.4"
dependencies = []

[[package]]
name = "sleitnick/signal"
version = "1.5.0"
dependencies = []

[[package]]
name = "sleitnick/signal"
version = "2.0.3"
dependencies = []

[[package]]
name = "sleitnick/streamable"
version = "1.2.4"
dependencies = [["Signal", "sleitnick/signal@1.5.0"], ["Trove", "sleitnick/trove@0.4.2"]]

[[package]]
name = "sleitnick/task-queue"
version = "1.0.0"
dependencies = []

[[package]]
name = "sleitnick/trove"
version = "0.4.2"
dependencies = []

[[package]]
name = "sleitnick/trove"
version = "1.5.1"
dependencies = []
